
Microsoft Visual Studio Solution File, Format Version 12.00
# Visual Studio Version 17
VisualStudioVersion = 17.4.33205.214
MinimumVisualStudioVersion = 10.0.40219.1
Project("{FAE04EC0-301F-11D3-BF4B-00C04F79EFBC}") = "MatrixLayerRotation", "MatrixLayerRotation.csproj", "{FEDBB258-DD13-410E-93FC-07C1B491D086}"
EndProject
Global
	GlobalSection(SolutionConfigurationPlatforms) = preSolution
		Debug|Any CPU = Debug|Any CPU
		Release|Any CPU = Release|Any CPU
	EndGlobalSection
	GlobalSection(ProjectConfigurationPlatforms) = postSolution
		{FEDBB258-DD13-410E-93FC-07C1B491D086}.Debug|Any CPU.ActiveCfg = Debug|Any CPU
		{FEDBB258-DD13-410E-93FC-07C1B491D086}.Debug|Any CPU.Build.0 = Debug|Any CPU
		{FEDBB258-DD13-410E-93FC-07C1B491D086}.Release|Any CPU.ActiveCfg = Release|Any CPU
		{FEDBB258-DD13-410E-93FC-07C1B491D086}.Release|Any CPU.Build.0 = Release|Any CPU
	EndGlobalSection
	GlobalSection(SolutionProperties) = preSolution
		HideSolutionNode = FALSE
	EndGlobalSection
	GlobalSection(ExtensibilityGlobals) = postSolution
		SolutionGuid = {B651D882-E3D1-41F7-926E-885FA2C59295}
	EndGlobalSection
EndGlobal
